// !$*UTF8*$!
{
	archiveVersion = 1;
	classes = {
	};
	objectVersion = 54;
	objects = {

/* Begin PBXBuildFile section */
		0026F47404694B73A566E01A /* Signika-Bold.ttf in Resources */ = {isa = PBXBuildFile; fileRef = 0F75191F8149474591874650 /* Signika-Bold.ttf */; };
		00E356F31AD99517003FC87E /* WICO3Tests.m in Sources */ = {isa = PBXBuildFile; fileRef = 00E356F21AD99517003FC87E /* WICO3Tests.m */; };
		04C973E7244148CEBD1A1D73 /* SF-Pro-Display-Medium.otf in Resources */ = {isa = PBXBuildFile; fileRef = ACB182A9E71645B3A3CF7129 /* SF-Pro-Display-Medium.otf */; };
		0824C76D44D64BF5838051FD /* Signika-Medium.ttf in Resources */ = {isa = PBXBuildFile; fileRef = 0F8EFA02570F49E49F723CED /* Signika-Medium.ttf */; };
		0C80B921A6F3F58F76C31292 /* libPods-WICO3.a in Frameworks */ = {isa = PBXBuildFile; fileRef = 5DCACB8F33CDC322A6C60F78 /* libPods-WICO3.a */; };
		137857849B1641749841C5BA /* Nunito-Regular.ttf in Resources */ = {isa = PBXBuildFile; fileRef = D8C7FABDFC2443AFA927FA13 /* Nunito-Regular.ttf */; };
		13B07FBC1A68108700A75B9A /* AppDelegate.mm in Sources */ = {isa = PBXBuildFile; fileRef = 13B07FB01A68108700A75B9A /* AppDelegate.mm */; };
		13B07FBF1A68108700A75B9A /* Images.xcassets in Resources */ = {isa = PBXBuildFile; fileRef = 13B07FB51A68108700A75B9A /* Images.xcassets */; };
		13B07FC11A68108700A75B9A /* main.m in Sources */ = {isa = PBXBuildFile; fileRef = 13B07FB71A68108700A75B9A /* main.m */; };
		1554C562BDCE4602A9042023 /* Roboto-Black.ttf in Resources */ = {isa = PBXBuildFile; fileRef = 8E52DDF506EA43CF9F3F44B7 /* Roboto-Black.ttf */; };
		17950EE70A1847568BB84542 /* Nunito-ExtraBoldItalic.ttf in Resources */ = {isa = PBXBuildFile; fileRef = B1B06BB990744998A908309F /* Nunito-ExtraBoldItalic.ttf */; };
		19FB5F9B0021496F83F053BB /* Nunito-Light.ttf in Resources */ = {isa = PBXBuildFile; fileRef = 4902B90A47194F6CBB8537CB /* Nunito-Light.ttf */; };
		27FC6569694748FBA5D291E2 /* Nunito-MediumItalic.ttf in Resources */ = {isa = PBXBuildFile; fileRef = 3417EEF377984219BCAB8C23 /* Nunito-MediumItalic.ttf */; };
		2E70B28E9BFEED5D38CCA24F /* PrivacyInfo.xcprivacy in Resources */ = {isa = PBXBuildFile; fileRef = 8834F87571D889FF560847D1 /* PrivacyInfo.xcprivacy */; };
		31036832D2CA4DD3BF854B51 /* Helvetica.ttc in Resources */ = {isa = PBXBuildFile; fileRef = E2A2238AEBDA4D9AA517EE7E /* Helvetica.ttc */; };
		4166B426B6EB49D0A75B798B /* Roboto-Regular.ttf in Resources */ = {isa = PBXBuildFile; fileRef = D8FDE5D4897843B7A144ED0D /* Roboto-Regular.ttf */; };
		45DB37F6A3794EDE92212371 /* Nunito-ExtraLight.ttf in Resources */ = {isa = PBXBuildFile; fileRef = 9CDE0C8DDB534B74BFAFF7C2 /* Nunito-ExtraLight.ttf */; };
		525C05470240405D8E19636F /* Roboto-Medium.ttf in Resources */ = {isa = PBXBuildFile; fileRef = E87AC922618F4FD0BF6EC5E8 /* Roboto-Medium.ttf */; };
		67170869CBE54EB0B024F48C /* Nunito-LightItalic.ttf in Resources */ = {isa = PBXBuildFile; fileRef = 3F6924751F0040CC9721C12C /* Nunito-LightItalic.ttf */; };
		6C6280A9DBD54AD7AC1A65F3 /* Roboto-BoldItalic.ttf in Resources */ = {isa = PBXBuildFile; fileRef = FE0D200E3DDF4B369AB66C7E /* Roboto-BoldItalic.ttf */; };
		6D007E91A90242B3A8280543 /* Roboto-Thin.ttf in Resources */ = {isa = PBXBuildFile; fileRef = DF68BD672A54496FAA587BE1 /* Roboto-Thin.ttf */; };
		6D30E7FB22C646C0860BF295 /* Roboto-LightItalic.ttf in Resources */ = {isa = PBXBuildFile; fileRef = 6810FE478C0742658991FE32 /* Roboto-LightItalic.ttf */; };
		6F63B1F7A7484184B6E5B500 /* Roboto-BlackItalic.ttf in Resources */ = {isa = PBXBuildFile; fileRef = 947FB80E73D2426580DEB2A6 /* Roboto-BlackItalic.ttf */; };
		6FCA22AD3C70440A80E1AE27 /* Roboto-Italic.ttf in Resources */ = {isa = PBXBuildFile; fileRef = 9C9E02AEBB61485C81ED3EB0 /* Roboto-Italic.ttf */; };
		7699B88040F8A987B510C191 /* libPods-WICO3-WICO3Tests.a in Frameworks */ = {isa = PBXBuildFile; fileRef = 19F6CBCC0A4E27FBF8BF4A61 /* libPods-WICO3-WICO3Tests.a */; };
		7D596B8C2C444541BB4D0557 /* Nunito-SemiBold.ttf in Resources */ = {isa = PBXBuildFile; fileRef = B66A40A251B34C97B0566CCF /* Nunito-SemiBold.ttf */; };
		81AB9BB82411601600AC10FF /* LaunchScreen.storyboard in Resources */ = {isa = PBXBuildFile; fileRef = 81AB9BB72411601600AC10FF /* LaunchScreen.storyboard */; };
		846B7A2F9EB340F98969F3DF /* Nunito-Italic.ttf in Resources */ = {isa = PBXBuildFile; fileRef = 1AC2068CBD4E461AA4052621 /* Nunito-Italic.ttf */; };
		989077251F524EB49BF43A36 /* Nunito-Black.ttf in Resources */ = {isa = PBXBuildFile; fileRef = 936E921A419C454D860B63FB /* Nunito-Black.ttf */; };
		98F064734EE449C4BB03F2D0 /* Nunito-BlackItalic.ttf in Resources */ = {isa = PBXBuildFile; fileRef = E9BCBEEF8BC9483B8438E300 /* Nunito-BlackItalic.ttf */; };
		9A7291AC9F994C8FB8CAEC67 /* Roboto-Bold.ttf in Resources */ = {isa = PBXBuildFile; fileRef = 11A68E047280411D9B3475E2 /* Roboto-Bold.ttf */; };
		9D96B563D225472998436054 /* Nunito-Bold.ttf in Resources */ = {isa = PBXBuildFile; fileRef = 089ED93A871D466E95D5DBC1 /* Nunito-Bold.ttf */; };
		B3170BE010434973A8096EE0 /* Nunito-Medium.ttf in Resources */ = {isa = PBXBuildFile; fileRef = C159D80FD6D64104BB9301C2 /* Nunito-Medium.ttf */; };
		B61B141591484E0AB74E849E /* Roboto-Light.ttf in Resources */ = {isa = PBXBuildFile; fileRef = 3BB8A80BD6734994BB74EDB9 /* Roboto-Light.ttf */; };
		BA9AFF2ECA334F47A03E2B7B /* Nunito-ExtraLightItalic.ttf in Resources */ = {isa = PBXBuildFile; fileRef = AC74A66248C44AE4A9428C4C /* Nunito-ExtraLightItalic.ttf */; };
		BBF18FBFD62C4D5B951A9B23 /* SonsieOne-Regular.ttf in Resources */ = {isa = PBXBuildFile; fileRef = 14E92CD1D1AF4C2D81702D20 /* SonsieOne-Regular.ttf */; };
		C6FD6E862FCD4C0FA58DF890 /* Signika-Light.ttf in Resources */ = {isa = PBXBuildFile; fileRef = 3B630D1AF3794EB888797307 /* Signika-Light.ttf */; };
		CCA045BA19734749BCE1B2FB /* Nunito-BoldItalic.ttf in Resources */ = {isa = PBXBuildFile; fileRef = 92E8435149D54BC7A5082663 /* Nunito-BoldItalic.ttf */; };
		D157DE3C563746799DE7989A /* Signika-Regular.ttf in Resources */ = {isa = PBXBuildFile; fileRef = AB6D7B25385C4A2D9430D1AA /* Signika-Regular.ttf */; };
		D599E0EB8E0347C080708A3F /* Nunito-ExtraBold.ttf in Resources */ = {isa = PBXBuildFile; fileRef = C6C2627F8A284031BCF22D9C /* Nunito-ExtraBold.ttf */; };
		D6119CECBD6246258BECB4BE /* Nunito-SemiBoldItalic.ttf in Resources */ = {isa = PBXBuildFile; fileRef = 54C712290B4E4EED8418B350 /* Nunito-SemiBoldItalic.ttf */; };
		EC10102C2CDE4FD7A4209F64 /* Signika-SemiBold.ttf in Resources */ = {isa = PBXBuildFile; fileRef = 76CDFA2D5DF14B35AA877680 /* Signika-SemiBold.ttf */; };
		ED2C09ADCD374976AC726B5D /* Roboto-ThinItalic.ttf in Resources */ = {isa = PBXBuildFile; fileRef = FAF555603FA24384B7C0F438 /* Roboto-ThinItalic.ttf */; };
		EE66576BF79642CD8BCC40A3 /* Roboto-MediumItalic.ttf in Resources */ = {isa = PBXBuildFile; fileRef = 1E7E279AE310402CA0FF3DF3 /* Roboto-MediumItalic.ttf */; };
/* End PBXBuildFile section */

/* Begin PBXContainerItemProxy section */
		00E356F41AD99517003FC87E /* PBXContainerItemProxy */ = {
			isa = PBXContainerItemProxy;
			containerPortal = 83CBB9F71A601CBA00E9B192 /* Project object */;
			proxyType = 1;
			remoteGlobalIDString = 13B07F861A680F5B00A75B9A;
			remoteInfo = WICO3;
		};
/* End PBXContainerItemProxy section */

/* Begin PBXFileReference section */
		00E356EE1AD99517003FC87E /* WICO3Tests.xctest */ = {isa = PBXFileReference; explicitFileType = wrapper.cfbundle; includeInIndex = 0; path = WICO3Tests.xctest; sourceTree = BUILT_PRODUCTS_DIR; };
		00E356F11AD99517003FC87E /* Info.plist */ = {isa = PBXFileReference; lastKnownFileType = text.plist.xml; path = Info.plist; sourceTree = "<group>"; };
		00E356F21AD99517003FC87E /* WICO3Tests.m */ = {isa = PBXFileReference; lastKnownFileType = sourcecode.c.objc; path = WICO3Tests.m; sourceTree = "<group>"; };
		089ED93A871D466E95D5DBC1 /* Nunito-Bold.ttf */ = {isa = PBXFileReference; explicitFileType = undefined; fileEncoding = undefined; includeInIndex = 0; lastKnownFileType = unknown; name = "Nunito-Bold.ttf"; path = "../assets/fonts/Nunito-Bold.ttf"; sourceTree = "<group>"; };
		0F75191F8149474591874650 /* Signika-Bold.ttf */ = {isa = PBXFileReference; explicitFileType = undefined; fileEncoding = undefined; includeInIndex = 0; lastKnownFileType = unknown; name = "Signika-Bold.ttf"; path = "../assets/fonts/Signika-Bold.ttf"; sourceTree = "<group>"; };
		0F8EFA02570F49E49F723CED /* Signika-Medium.ttf */ = {isa = PBXFileReference; explicitFileType = undefined; fileEncoding = undefined; includeInIndex = 0; lastKnownFileType = unknown; name = "Signika-Medium.ttf"; path = "../assets/fonts/Signika-Medium.ttf"; sourceTree = "<group>"; };
		11A68E047280411D9B3475E2 /* Roboto-Bold.ttf */ = {isa = PBXFileReference; explicitFileType = undefined; fileEncoding = undefined; includeInIndex = 0; lastKnownFileType = unknown; name = "Roboto-Bold.ttf"; path = "../assets/fonts/Roboto-Bold.ttf"; sourceTree = "<group>"; };
		13B07F961A680F5B00A75B9A /* WICO3.app */ = {isa = PBXFileReference; explicitFileType = wrapper.application; includeInIndex = 0; path = WICO3.app; sourceTree = BUILT_PRODUCTS_DIR; };
		13B07FAF1A68108700A75B9A /* AppDelegate.h */ = {isa = PBXFileReference; fileEncoding = 4; lastKnownFileType = sourcecode.c.h; name = AppDelegate.h; path = WICO3/AppDelegate.h; sourceTree = "<group>"; };
		13B07FB01A68108700A75B9A /* AppDelegate.mm */ = {isa = PBXFileReference; fileEncoding = 4; lastKnownFileType = sourcecode.cpp.objcpp; name = AppDelegate.mm; path = WICO3/AppDelegate.mm; sourceTree = "<group>"; };
		13B07FB51A68108700A75B9A /* Images.xcassets */ = {isa = PBXFileReference; lastKnownFileType = folder.assetcatalog; name = Images.xcassets; path = WICO3/Images.xcassets; sourceTree = "<group>"; };
		13B07FB61A68108700A75B9A /* Info.plist */ = {isa = PBXFileReference; fileEncoding = 4; lastKnownFileType = text.plist.xml; name = Info.plist; path = WICO3/Info.plist; sourceTree = "<group>"; };
		13B07FB71A68108700A75B9A /* main.m */ = {isa = PBXFileReference; fileEncoding = 4; lastKnownFileType = sourcecode.c.objc; name = main.m; path = WICO3/main.m; sourceTree = "<group>"; };
		13B07FB81A68108700A75B9A /* PrivacyInfo.xcprivacy */ = {isa = PBXFileReference; fileEncoding = 4; lastKnownFileType = text.plist.xml; name = PrivacyInfo.xcprivacy; path = WICO3/PrivacyInfo.xcprivacy; sourceTree = "<group>"; };
		14E92CD1D1AF4C2D81702D20 /* SonsieOne-Regular.ttf */ = {isa = PBXFileReference; explicitFileType = undefined; fileEncoding = undefined; includeInIndex = 0; lastKnownFileType = unknown; name = "SonsieOne-Regular.ttf"; path = "../assets/fonts/SonsieOne-Regular.ttf"; sourceTree = "<group>"; };
		19F6CBCC0A4E27FBF8BF4A61 /* libPods-WICO3-WICO3Tests.a */ = {isa = PBXFileReference; explicitFileType = archive.ar; includeInIndex = 0; path = "libPods-WICO3-WICO3Tests.a"; sourceTree = BUILT_PRODUCTS_DIR; };
		1AC2068CBD4E461AA4052621 /* Nunito-Italic.ttf */ = {isa = PBXFileReference; explicitFileType = undefined; fileEncoding = undefined; includeInIndex = 0; lastKnownFileType = unknown; name = "Nunito-Italic.ttf"; path = "../assets/fonts/Nunito-Italic.ttf"; sourceTree = "<group>"; };
		1E7E279AE310402CA0FF3DF3 /* Roboto-MediumItalic.ttf */ = {isa = PBXFileReference; explicitFileType = undefined; fileEncoding = undefined; includeInIndex = 0; lastKnownFileType = unknown; name = "Roboto-MediumItalic.ttf"; path = "../assets/fonts/Roboto-MediumItalic.ttf"; sourceTree = "<group>"; };
		3417EEF377984219BCAB8C23 /* Nunito-MediumItalic.ttf */ = {isa = PBXFileReference; explicitFileType = undefined; fileEncoding = undefined; includeInIndex = 0; lastKnownFileType = unknown; name = "Nunito-MediumItalic.ttf"; path = "../assets/fonts/Nunito-MediumItalic.ttf"; sourceTree = "<group>"; };
		3B4392A12AC88292D35C810B /* Pods-WICO3.debug.xcconfig */ = {isa = PBXFileReference; includeInIndex = 1; lastKnownFileType = text.xcconfig; name = "Pods-WICO3.debug.xcconfig"; path = "Target Support Files/Pods-WICO3/Pods-WICO3.debug.xcconfig"; sourceTree = "<group>"; };
		3B630D1AF3794EB888797307 /* Signika-Light.ttf */ = {isa = PBXFileReference; explicitFileType = undefined; fileEncoding = undefined; includeInIndex = 0; lastKnownFileType = unknown; name = "Signika-Light.ttf"; path = "../assets/fonts/Signika-Light.ttf"; sourceTree = "<group>"; };
		3BB8A80BD6734994BB74EDB9 /* Roboto-Light.ttf */ = {isa = PBXFileReference; explicitFileType = undefined; fileEncoding = undefined; includeInIndex = 0; lastKnownFileType = unknown; name = "Roboto-Light.ttf"; path = "../assets/fonts/Roboto-Light.ttf"; sourceTree = "<group>"; };
		3F6924751F0040CC9721C12C /* Nunito-LightItalic.ttf */ = {isa = PBXFileReference; explicitFileType = undefined; fileEncoding = undefined; includeInIndex = 0; lastKnownFileType = unknown; name = "Nunito-LightItalic.ttf"; path = "../assets/fonts/Nunito-LightItalic.ttf"; sourceTree = "<group>"; };
		4902B90A47194F6CBB8537CB /* Nunito-Light.ttf */ = {isa = PBXFileReference; explicitFileType = undefined; fileEncoding = undefined; includeInIndex = 0; lastKnownFileType = unknown; name = "Nunito-Light.ttf"; path = "../assets/fonts/Nunito-Light.ttf"; sourceTree = "<group>"; };
		54C712290B4E4EED8418B350 /* Nunito-SemiBoldItalic.ttf */ = {isa = PBXFileReference; explicitFileType = undefined; fileEncoding = undefined; includeInIndex = 0; lastKnownFileType = unknown; name = "Nunito-SemiBoldItalic.ttf"; path = "../assets/fonts/Nunito-SemiBoldItalic.ttf"; sourceTree = "<group>"; };
		5709B34CF0A7D63546082F79 /* Pods-WICO3.release.xcconfig */ = {isa = PBXFileReference; includeInIndex = 1; lastKnownFileType = text.xcconfig; name = "Pods-WICO3.release.xcconfig"; path = "Target Support Files/Pods-WICO3/Pods-WICO3.release.xcconfig"; sourceTree = "<group>"; };
		5B7EB9410499542E8C5724F5 /* Pods-WICO3-WICO3Tests.debug.xcconfig */ = {isa = PBXFileReference; includeInIndex = 1; lastKnownFileType = text.xcconfig; name = "Pods-WICO3-WICO3Tests.debug.xcconfig"; path = "Target Support Files/Pods-WICO3-WICO3Tests/Pods-WICO3-WICO3Tests.debug.xcconfig"; sourceTree = "<group>"; };
		5DCACB8F33CDC322A6C60F78 /* libPods-WICO3.a */ = {isa = PBXFileReference; explicitFileType = archive.ar; includeInIndex = 0; path = "libPods-WICO3.a"; sourceTree = BUILT_PRODUCTS_DIR; };
		6810FE478C0742658991FE32 /* Roboto-LightItalic.ttf */ = {isa = PBXFileReference; explicitFileType = undefined; fileEncoding = undefined; includeInIndex = 0; lastKnownFileType = unknown; name = "Roboto-LightItalic.ttf"; path = "../assets/fonts/Roboto-LightItalic.ttf"; sourceTree = "<group>"; };
		76CDFA2D5DF14B35AA877680 /* Signika-SemiBold.ttf */ = {isa = PBXFileReference; explicitFileType = undefined; fileEncoding = undefined; includeInIndex = 0; lastKnownFileType = unknown; name = "Signika-SemiBold.ttf"; path = "../assets/fonts/Signika-SemiBold.ttf"; sourceTree = "<group>"; };
		81AB9BB72411601600AC10FF /* LaunchScreen.storyboard */ = {isa = PBXFileReference; fileEncoding = 4; lastKnownFileType = file.storyboard; name = LaunchScreen.storyboard; path = WICO3/LaunchScreen.storyboard; sourceTree = "<group>"; };
		8834F87571D889FF560847D1 /* PrivacyInfo.xcprivacy */ = {isa = PBXFileReference; includeInIndex = 1; name = PrivacyInfo.xcprivacy; path = WICO3/PrivacyInfo.xcprivacy; sourceTree = "<group>"; };
		89C6BE57DB24E9ADA2F236DE /* Pods-WICO3-WICO3Tests.release.xcconfig */ = {isa = PBXFileReference; includeInIndex = 1; lastKnownFileType = text.xcconfig; name = "Pods-WICO3-WICO3Tests.release.xcconfig"; path = "Target Support Files/Pods-WICO3-WICO3Tests/Pods-WICO3-WICO3Tests.release.xcconfig"; sourceTree = "<group>"; };
		8E52DDF506EA43CF9F3F44B7 /* Roboto-Black.ttf */ = {isa = PBXFileReference; explicitFileType = undefined; fileEncoding = undefined; includeInIndex = 0; lastKnownFileType = unknown; name = "Roboto-Black.ttf"; path = "../assets/fonts/Roboto-Black.ttf"; sourceTree = "<group>"; };
		92E8435149D54BC7A5082663 /* Nunito-BoldItalic.ttf */ = {isa = PBXFileReference; explicitFileType = undefined; fileEncoding = undefined; includeInIndex = 0; lastKnownFileType = unknown; name = "Nunito-BoldItalic.ttf"; path = "../assets/fonts/Nunito-BoldItalic.ttf"; sourceTree = "<group>"; };
		936E921A419C454D860B63FB /* Nunito-Black.ttf */ = {isa = PBXFileReference; explicitFileType = undefined; fileEncoding = undefined; includeInIndex = 0; lastKnownFileType = unknown; name = "Nunito-Black.ttf"; path = "../assets/fonts/Nunito-Black.ttf"; sourceTree = "<group>"; };
		947FB80E73D2426580DEB2A6 /* Roboto-BlackItalic.ttf */ = {isa = PBXFileReference; explicitFileType = undefined; fileEncoding = undefined; includeInIndex = 0; lastKnownFileType = unknown; name = "Roboto-BlackItalic.ttf"; path = "../assets/fonts/Roboto-BlackItalic.ttf"; sourceTree = "<group>"; };
		9C9E02AEBB61485C81ED3EB0 /* Roboto-Italic.ttf */ = {isa = PBXFileReference; explicitFileType = undefined; fileEncoding = undefined; includeInIndex = 0; lastKnownFileType = unknown; name = "Roboto-Italic.ttf"; path = "../assets/fonts/Roboto-Italic.ttf"; sourceTree = "<group>"; };
		9CDE0C8DDB534B74BFAFF7C2 /* Nunito-ExtraLight.ttf */ = {isa = PBXFileReference; explicitFileType = undefined; fileEncoding = undefined; includeInIndex = 0; lastKnownFileType = unknown; name = "Nunito-ExtraLight.ttf"; path = "../assets/fonts/Nunito-ExtraLight.ttf"; sourceTree = "<group>"; };
		AB6D7B25385C4A2D9430D1AA /* Signika-Regular.ttf */ = {isa = PBXFileReference; explicitFileType = undefined; fileEncoding = undefined; includeInIndex = 0; lastKnownFileType = unknown; name = "Signika-Regular.ttf"; path = "../assets/fonts/Signika-Regular.ttf"; sourceTree = "<group>"; };
		AC74A66248C44AE4A9428C4C /* Nunito-ExtraLightItalic.ttf */ = {isa = PBXFileReference; explicitFileType = undefined; fileEncoding = undefined; includeInIndex = 0; lastKnownFileType = unknown; name = "Nunito-ExtraLightItalic.ttf"; path = "../assets/fonts/Nunito-ExtraLightItalic.ttf"; sourceTree = "<group>"; };
		ACB182A9E71645B3A3CF7129 /* SF-Pro-Display-Medium.otf */ = {isa = PBXFileReference; explicitFileType = undefined; fileEncoding = undefined; includeInIndex = 0; lastKnownFileType = unknown; name = "SF-Pro-Display-Medium.otf"; path = "../assets/fonts/SF-Pro-Display-Medium.otf"; sourceTree = "<group>"; };
		B1B06BB990744998A908309F /* Nunito-ExtraBoldItalic.ttf */ = {isa = PBXFileReference; explicitFileType = undefined; fileEncoding = undefined; includeInIndex = 0; lastKnownFileType = unknown; name = "Nunito-ExtraBoldItalic.ttf"; path = "../assets/fonts/Nunito-ExtraBoldItalic.ttf"; sourceTree = "<group>"; };
		B66A40A251B34C97B0566CCF /* Nunito-SemiBold.ttf */ = {isa = PBXFileReference; explicitFileType = undefined; fileEncoding = undefined; includeInIndex = 0; lastKnownFileType = unknown; name = "Nunito-SemiBold.ttf"; path = "../assets/fonts/Nunito-SemiBold.ttf"; sourceTree = "<group>"; };
		C159D80FD6D64104BB9301C2 /* Nunito-Medium.ttf */ = {isa = PBXFileReference; explicitFileType = undefined; fileEncoding = undefined; includeInIndex = 0; lastKnownFileType = unknown; name = "Nunito-Medium.ttf"; path = "../assets/fonts/Nunito-Medium.ttf"; sourceTree = "<group>"; };
		C6C2627F8A284031BCF22D9C /* Nunito-ExtraBold.ttf */ = {isa = PBXFileReference; explicitFileType = undefined; fileEncoding = undefined; includeInIndex = 0; lastKnownFileType = unknown; name = "Nunito-ExtraBold.ttf"; path = "../assets/fonts/Nunito-ExtraBold.ttf"; sourceTree = "<group>"; };
		D8C7FABDFC2443AFA927FA13 /* Nunito-Regular.ttf */ = {isa = PBXFileReference; explicitFileType = undefined; fileEncoding = undefined; includeInIndex = 0; lastKnownFileType = unknown; name = "Nunito-Regular.ttf"; path = "../assets/fonts/Nunito-Regular.ttf"; sourceTree = "<group>"; };
		D8FDE5D4897843B7A144ED0D /* Roboto-Regular.ttf */ = {isa = PBXFileReference; explicitFileType = undefined; fileEncoding = undefined; includeInIndex = 0; lastKnownFileType = unknown; name = "Roboto-Regular.ttf"; path = "../assets/fonts/Roboto-Regular.ttf"; sourceTree = "<group>"; };
		DF68BD672A54496FAA587BE1 /* Roboto-Thin.ttf */ = {isa = PBXFileReference; explicitFileType = undefined; fileEncoding = undefined; includeInIndex = 0; lastKnownFileType = unknown; name = "Roboto-Thin.ttf"; path = "../assets/fonts/Roboto-Thin.ttf"; sourceTree = "<group>"; };
		E2A2238AEBDA4D9AA517EE7E /* Helvetica.ttc */ = {isa = PBXFileReference; explicitFileType = undefined; fileEncoding = undefined; includeInIndex = 0; lastKnownFileType = unknown; name = Helvetica.ttc; path = ../assets/fonts/Helvetica.ttc; sourceTree = "<group>"; };
		E87AC922618F4FD0BF6EC5E8 /* Roboto-Medium.ttf */ = {isa = PBXFileReference; explicitFileType = undefined; fileEncoding = undefined; includeInIndex = 0; lastKnownFileType = unknown; name = "Roboto-Medium.ttf"; path = "../assets/fonts/Roboto-Medium.ttf"; sourceTree = "<group>"; };
		E9BCBEEF8BC9483B8438E300 /* Nunito-BlackItalic.ttf */ = {isa = PBXFileReference; explicitFileType = undefined; fileEncoding = undefined; includeInIndex = 0; lastKnownFileType = unknown; name = "Nunito-BlackItalic.ttf"; path = "../assets/fonts/Nunito-BlackItalic.ttf"; sourceTree = "<group>"; };
		ED297162215061F000B7C4FE /* JavaScriptCore.framework */ = {isa = PBXFileReference; lastKnownFileType = wrapper.framework; name = JavaScriptCore.framework; path = System/Library/Frameworks/JavaScriptCore.framework; sourceTree = SDKROOT; };
		FAF555603FA24384B7C0F438 /* Roboto-ThinItalic.ttf */ = {isa = PBXFileReference; explicitFileType = undefined; fileEncoding = undefined; includeInIndex = 0; lastKnownFileType = unknown; name = "Roboto-ThinItalic.ttf"; path = "../assets/fonts/Roboto-ThinItalic.ttf"; sourceTree = "<group>"; };
		FE0D200E3DDF4B369AB66C7E /* Roboto-BoldItalic.ttf */ = {isa = PBXFileReference; explicitFileType = undefined; fileEncoding = undefined; includeInIndex = 0; lastKnownFileType = unknown; name = "Roboto-BoldItalic.ttf"; path = "../assets/fonts/Roboto-BoldItalic.ttf"; sourceTree = "<group>"; };
/* End PBXFileReference section */

/* Begin PBXFrameworksBuildPhase section */
		00E356EB1AD99517003FC87E /* Frameworks */ = {
			isa = PBXFrameworksBuildPhase;
			buildActionMask = 2147483647;
			files = (
				7699B88040F8A987B510C191 /* libPods-WICO3-WICO3Tests.a in Frameworks */,
			);
			runOnlyForDeploymentPostprocessing = 0;
		};
		13B07F8C1A680F5B00A75B9A /* Frameworks */ = {
			isa = PBXFrameworksBuildPhase;
			buildActionMask = 2147483647;
			files = (
				0C80B921A6F3F58F76C31292 /* libPods-WICO3.a in Frameworks */,
			);
			runOnlyForDeploymentPostprocessing = 0;
		};
/* End PBXFrameworksBuildPhase section */

/* Begin PBXGroup section */
		00E356EF1AD99517003FC87E /* WICO3Tests */ = {
			isa = PBXGroup;
			children = (
				00E356F21AD99517003FC87E /* WICO3Tests.m */,
				00E356F01AD99517003FC87E /* Supporting Files */,
			);
			path = WICO3Tests;
			sourceTree = "<group>";
		};
		00E356F01AD99517003FC87E /* Supporting Files */ = {
			isa = PBXGroup;
			children = (
				00E356F11AD99517003FC87E /* Info.plist */,
			);
			name = "Supporting Files";
			sourceTree = "<group>";
		};
		13B07FAE1A68108700A75B9A /* WICO3 */ = {
			isa = PBXGroup;
			children = (
				13B07FAF1A68108700A75B9A /* AppDelegate.h */,
				13B07FB01A68108700A75B9A /* AppDelegate.mm */,
				13B07FB51A68108700A75B9A /* Images.xcassets */,
				13B07FB61A68108700A75B9A /* Info.plist */,
				81AB9BB72411601600AC10FF /* LaunchScreen.storyboard */,
				13B07FB71A68108700A75B9A /* main.m */,
				13B07FB81A68108700A75B9A /* PrivacyInfo.xcprivacy */,
				8834F87571D889FF560847D1 /* PrivacyInfo.xcprivacy */,
			);
			name = WICO3;
			sourceTree = "<group>";
		};
		2D16E6871FA4F8E400B85C8A /* Frameworks */ = {
			isa = PBXGroup;
			children = (
				ED297162215061F000B7C4FE /* JavaScriptCore.framework */,
				5DCACB8F33CDC322A6C60F78 /* libPods-WICO3.a */,
				19F6CBCC0A4E27FBF8BF4A61 /* libPods-WICO3-WICO3Tests.a */,
			);
			name = Frameworks;
			sourceTree = "<group>";
		};
		832341AE1AAA6A7D00B99B32 /* Libraries */ = {
			isa = PBXGroup;
			children = (
			);
			name = Libraries;
			sourceTree = "<group>";
		};
		83CBB9F61A601CBA00E9B192 = {
			isa = PBXGroup;
			children = (
				13B07FAE1A68108700A75B9A /* WICO3 */,
				832341AE1AAA6A7D00B99B32 /* Libraries */,
				00E356EF1AD99517003FC87E /* WICO3Tests */,
				83CBBA001A601CBA00E9B192 /* Products */,
				2D16E6871FA4F8E400B85C8A /* Frameworks */,
				BBD78D7AC51CEA395F1C20DB /* Pods */,
				A96887AD9835427E93EF4C2A /* Resources */,
			);
			indentWidth = 2;
			sourceTree = "<group>";
			tabWidth = 2;
			usesTabs = 0;
		};
		83CBBA001A601CBA00E9B192 /* Products */ = {
			isa = PBXGroup;
			children = (
				13B07F961A680F5B00A75B9A /* WICO3.app */,
				00E356EE1AD99517003FC87E /* WICO3Tests.xctest */,
			);
			name = Products;
			sourceTree = "<group>";
		};
		A96887AD9835427E93EF4C2A /* Resources */ = {
			isa = PBXGroup;
			children = (
				936E921A419C454D860B63FB /* Nunito-Black.ttf */,
				E9BCBEEF8BC9483B8438E300 /* Nunito-BlackItalic.ttf */,
				089ED93A871D466E95D5DBC1 /* Nunito-Bold.ttf */,
				92E8435149D54BC7A5082663 /* Nunito-BoldItalic.ttf */,
				C6C2627F8A284031BCF22D9C /* Nunito-ExtraBold.ttf */,
				B1B06BB990744998A908309F /* Nunito-ExtraBoldItalic.ttf */,
				9CDE0C8DDB534B74BFAFF7C2 /* Nunito-ExtraLight.ttf */,
				AC74A66248C44AE4A9428C4C /* Nunito-ExtraLightItalic.ttf */,
				1AC2068CBD4E461AA4052621 /* Nunito-Italic.ttf */,
				4902B90A47194F6CBB8537CB /* Nunito-Light.ttf */,
				3F6924751F0040CC9721C12C /* Nunito-LightItalic.ttf */,
				C159D80FD6D64104BB9301C2 /* Nunito-Medium.ttf */,
				3417EEF377984219BCAB8C23 /* Nunito-MediumItalic.ttf */,
				D8C7FABDFC2443AFA927FA13 /* Nunito-Regular.ttf */,
				B66A40A251B34C97B0566CCF /* Nunito-SemiBold.ttf */,
				54C712290B4E4EED8418B350 /* Nunito-SemiBoldItalic.ttf */,
				8E52DDF506EA43CF9F3F44B7 /* Roboto-Black.ttf */,
				947FB80E73D2426580DEB2A6 /* Roboto-BlackItalic.ttf */,
				11A68E047280411D9B3475E2 /* Roboto-Bold.ttf */,
				FE0D200E3DDF4B369AB66C7E /* Roboto-BoldItalic.ttf */,
				9C9E02AEBB61485C81ED3EB0 /* Roboto-Italic.ttf */,
				3BB8A80BD6734994BB74EDB9 /* Roboto-Light.ttf */,
				6810FE478C0742658991FE32 /* Roboto-LightItalic.ttf */,
				E87AC922618F4FD0BF6EC5E8 /* Roboto-Medium.ttf */,
				1E7E279AE310402CA0FF3DF3 /* Roboto-MediumItalic.ttf */,
				D8FDE5D4897843B7A144ED0D /* Roboto-Regular.ttf */,
				DF68BD672A54496FAA587BE1 /* Roboto-Thin.ttf */,
				FAF555603FA24384B7C0F438 /* Roboto-ThinItalic.ttf */,
				0F75191F8149474591874650 /* Signika-Bold.ttf */,
				3B630D1AF3794EB888797307 /* Signika-Light.ttf */,
				0F8EFA02570F49E49F723CED /* Signika-Medium.ttf */,
				AB6D7B25385C4A2D9430D1AA /* Signika-Regular.ttf */,
				76CDFA2D5DF14B35AA877680 /* Signika-SemiBold.ttf */,
				14E92CD1D1AF4C2D81702D20 /* SonsieOne-Regular.ttf */,
				ACB182A9E71645B3A3CF7129 /* SF-Pro-Display-Medium.otf */,
				E2A2238AEBDA4D9AA517EE7E /* Helvetica.ttc */,
			);
			name = Resources;
			path = "";
			sourceTree = "<group>";
		};
		BBD78D7AC51CEA395F1C20DB /* Pods */ = {
			isa = PBXGroup;
			children = (
				3B4392A12AC88292D35C810B /* Pods-WICO3.debug.xcconfig */,
				5709B34CF0A7D63546082F79 /* Pods-WICO3.release.xcconfig */,
				5B7EB9410499542E8C5724F5 /* Pods-WICO3-WICO3Tests.debug.xcconfig */,
				89C6BE57DB24E9ADA2F236DE /* Pods-WICO3-WICO3Tests.release.xcconfig */,
			);
			path = Pods;
			sourceTree = "<group>";
		};
/* End PBXGroup section */

/* Begin PBXNativeTarget section */
		00E356ED1AD99517003FC87E /* WICO3Tests */ = {
			isa = PBXNativeTarget;
			buildConfigurationList = 00E357021AD99517003FC87E /* Build configuration list for PBXNativeTarget "WICO3Tests" */;
			buildPhases = (
				A55EABD7B0C7F3A422A6CC61 /* [CP] Check Pods Manifest.lock */,
				00E356EA1AD99517003FC87E /* Sources */,
				00E356EB1AD99517003FC87E /* Frameworks */,
				00E356EC1AD99517003FC87E /* Resources */,
				C59DA0FBD6956966B86A3779 /* [CP] Embed Pods Frameworks */,
				F6A41C54EA430FDDC6A6ED99 /* [CP] Copy Pods Resources */,
			);
			buildRules = (
			);
			dependencies = (
				00E356F51AD99517003FC87E /* PBXTargetDependency */,
			);
			name = WICO3Tests;
			productName = WICO3Tests;
			productReference = 00E356EE1AD99517003FC87E /* WICO3Tests.xctest */;
			productType = "com.apple.product-type.bundle.unit-test";
		};
		13B07F861A680F5B00A75B9A /* WICO3 */ = {
			isa = PBXNativeTarget;
			buildConfigurationList = 13B07F931A680F5B00A75B9A /* Build configuration list for PBXNativeTarget "WICO3" */;
			buildPhases = (
				C38B50BA6285516D6DCD4F65 /* [CP] Check Pods Manifest.lock */,
				13B07F871A680F5B00A75B9A /* Sources */,
				13B07F8C1A680F5B00A75B9A /* Frameworks */,
				13B07F8E1A680F5B00A75B9A /* Resources */,
				00DD1BFF1BD5951E006B06BC /* Bundle React Native code and images */,
				00EEFC60759A1932668264C0 /* [CP] Embed Pods Frameworks */,
				E235C05ADACE081382539298 /* [CP] Copy Pods Resources */,
			);
			buildRules = (
			);
			dependencies = (
			);
			name = WICO3;
			productName = WICO3;
			productReference = 13B07F961A680F5B00A75B9A /* WICO3.app */;
			productType = "com.apple.product-type.application";
		};
/* End PBXNativeTarget section */

/* Begin PBXProject section */
		83CBB9F71A601CBA00E9B192 /* Project object */ = {
			isa = PBXProject;
			attributes = {
				LastUpgradeCheck = 1210;
				TargetAttributes = {
					00E356ED1AD99517003FC87E = {
						CreatedOnToolsVersion = 6.2;
						TestTargetID = 13B07F861A680F5B00A75B9A;
					};
					13B07F861A680F5B00A75B9A = {
						LastSwiftMigration = 1120;
					};
				};
			};
			buildConfigurationList = 83CBB9FA1A601CBA00E9B192 /* Build configuration list for PBXProject "WICO3" */;
			compatibilityVersion = "Xcode 12.0";
			developmentRegion = en;
			hasScannedForEncodings = 0;
			knownRegions = (
				en,
				Base,
			);
			mainGroup = 83CBB9F61A601CBA00E9B192;
			productRefGroup = 83CBBA001A601CBA00E9B192 /* Products */;
			projectDirPath = "";
			projectRoot = "";
			targets = (
				13B07F861A680F5B00A75B9A /* WICO3 */,
				00E356ED1AD99517003FC87E /* WICO3Tests */,
			);
		};
/* End PBXProject section */

/* Begin PBXResourcesBuildPhase section */
		00E356EC1AD99517003FC87E /* Resources */ = {
			isa = PBXResourcesBuildPhase;
			buildActionMask = 2147483647;
			files = (
			);
			runOnlyForDeploymentPostprocessing = 0;
		};
		13B07F8E1A680F5B00A75B9A /* Resources */ = {
			isa = PBXResourcesBuildPhase;
			buildActionMask = 2147483647;
			files = (
				81AB9BB82411601600AC10FF /* LaunchScreen.storyboard in Resources */,
				13B07FBF1A68108700A75B9A /* Images.xcassets in Resources */,
				2E70B28E9BFEED5D38CCA24F /* PrivacyInfo.xcprivacy in Resources */,
				989077251F524EB49BF43A36 /* Nunito-Black.ttf in Resources */,
				98F064734EE449C4BB03F2D0 /* Nunito-BlackItalic.ttf in Resources */,
				9D96B563D225472998436054 /* Nunito-Bold.ttf in Resources */,
				CCA045BA19734749BCE1B2FB /* Nunito-BoldItalic.ttf in Resources */,
				D599E0EB8E0347C080708A3F /* Nunito-ExtraBold.ttf in Resources */,
				17950EE70A1847568BB84542 /* Nunito-ExtraBoldItalic.ttf in Resources */,
				45DB37F6A3794EDE92212371 /* Nunito-ExtraLight.ttf in Resources */,
				BA9AFF2ECA334F47A03E2B7B /* Nunito-ExtraLightItalic.ttf in Resources */,
				846B7A2F9EB340F98969F3DF /* Nunito-Italic.ttf in Resources */,
				19FB5F9B0021496F83F053BB /* Nunito-Light.ttf in Resources */,
				67170869CBE54EB0B024F48C /* Nunito-LightItalic.ttf in Resources */,
				B3170BE010434973A8096EE0 /* Nunito-Medium.ttf in Resources */,
				27FC6569694748FBA5D291E2 /* Nunito-MediumItalic.ttf in Resources */,
				137857849B1641749841C5BA /* Nunito-Regular.ttf in Resources */,
				7D596B8C2C444541BB4D0557 /* Nunito-SemiBold.ttf in Resources */,
				D6119CECBD6246258BECB4BE /* Nunito-SemiBoldItalic.ttf in Resources */,
				1554C562BDCE4602A9042023 /* Roboto-Black.ttf in Resources */,
				6F63B1F7A7484184B6E5B500 /* Roboto-BlackItalic.ttf in Resources */,
				9A7291AC9F994C8FB8CAEC67 /* Roboto-Bold.ttf in Resources */,
				6C6280A9DBD54AD7AC1A65F3 /* Roboto-BoldItalic.ttf in Resources */,
				6FCA22AD3C70440A80E1AE27 /* Roboto-Italic.ttf in Resources */,
				B61B141591484E0AB74E849E /* Roboto-Light.ttf in Resources */,
				6D30E7FB22C646C0860BF295 /* Roboto-LightItalic.ttf in Resources */,
				525C05470240405D8E19636F /* Roboto-Medium.ttf in Resources */,
				EE66576BF79642CD8BCC40A3 /* Roboto-MediumItalic.ttf in Resources */,
				4166B426B6EB49D0A75B798B /* Roboto-Regular.ttf in Resources */,
				6D007E91A90242B3A8280543 /* Roboto-Thin.ttf in Resources */,
				ED2C09ADCD374976AC726B5D /* Roboto-ThinItalic.ttf in Resources */,
				0026F47404694B73A566E01A /* Signika-Bold.ttf in Resources */,
				C6FD6E862FCD4C0FA58DF890 /* Signika-Light.ttf in Resources */,
				0824C76D44D64BF5838051FD /* Signika-Medium.ttf in Resources */,
				D157DE3C563746799DE7989A /* Signika-Regular.ttf in Resources */,
				EC10102C2CDE4FD7A4209F64 /* Signika-SemiBold.ttf in Resources */,
				BBF18FBFD62C4D5B951A9B23 /* SonsieOne-Regular.ttf in Resources */,
				04C973E7244148CEBD1A1D73 /* SF-Pro-Display-Medium.otf in Resources */,
				31036832D2CA4DD3BF854B51 /* Helvetica.ttc in Resources */,
			);
			runOnlyForDeploymentPostprocessing = 0;
		};
/* End PBXResourcesBuildPhase section */

/* Begin PBXShellScriptBuildPhase section */
		00DD1BFF1BD5951E006B06BC /* Bundle React Native code and images */ = {
			isa = PBXShellScriptBuildPhase;
			buildActionMask = 2147483647;
			files = (
			);
			inputPaths = (
				"$(SRCROOT)/.xcode.env.local",
				"$(SRCROOT)/.xcode.env",
			);
			name = "Bundle React Native code and images";
			outputPaths = (
			);
			runOnlyForDeploymentPostprocessing = 0;
			shellPath = /bin/sh;
			shellScript = "set -e\n\nWITH_ENVIRONMENT=\"$REACT_NATIVE_PATH/scripts/xcode/with-environment.sh\"\nREACT_NATIVE_XCODE=\"$REACT_NATIVE_PATH/scripts/react-native-xcode.sh\"\n\n/bin/sh -c \"$WITH_ENVIRONMENT $REACT_NATIVE_XCODE\"\n";
		};
		00EEFC60759A1932668264C0 /* [CP] Embed Pods Frameworks */ = {
			isa = PBXShellScriptBuildPhase;
			buildActionMask = 2147483647;
			files = (
			);
			inputFileListPaths = (
				"${PODS_ROOT}/Target Support Files/Pods-WICO3/Pods-WICO3-frameworks-${CONFIGURATION}-input-files.xcfilelist",
			);
			name = "[CP] Embed Pods Frameworks";
			outputFileListPaths = (
				"${PODS_ROOT}/Target Support Files/Pods-WICO3/Pods-WICO3-frameworks-${CONFIGURATION}-output-files.xcfilelist",
			);
			runOnlyForDeploymentPostprocessing = 0;
			shellPath = /bin/sh;
			shellScript = "\"${PODS_ROOT}/Target Support Files/Pods-WICO3/Pods-WICO3-frameworks.sh\"\n";
			showEnvVarsInLog = 0;
		};
		A55EABD7B0C7F3A422A6CC61 /* [CP] Check Pods Manifest.lock */ = {
			isa = PBXShellScriptBuildPhase;
			buildActionMask = 2147483647;
			files = (
			);
			inputFileListPaths = (
			);
			inputPaths = (
				"${PODS_PODFILE_DIR_PATH}/Podfile.lock",
				"${PODS_ROOT}/Manifest.lock",
			);
			name = "[CP] Check Pods Manifest.lock";
			outputFileListPaths = (
			);
			outputPaths = (
				"$(DERIVED_FILE_DIR)/Pods-WICO3-WICO3Tests-checkManifestLockResult.txt",
			);
			runOnlyForDeploymentPostprocessing = 0;
			shellPath = /bin/sh;
			shellScript = "diff \"${PODS_PODFILE_DIR_PATH}/Podfile.lock\" \"${PODS_ROOT}/Manifest.lock\" > /dev/null\nif [ $? != 0 ] ; then\n    # print error to STDERR\n    echo \"error: The sandbox is not in sync with the Podfile.lock. Run 'pod install' or update your CocoaPods installation.\" >&2\n    exit 1\nfi\n# This output is used by Xcode 'outputs' to avoid re-running this script phase.\necho \"SUCCESS\" > \"${SCRIPT_OUTPUT_FILE_0}\"\n";
			showEnvVarsInLog = 0;
		};
		C38B50BA6285516D6DCD4F65 /* [CP] Check Pods Manifest.lock */ = {
			isa = PBXShellScriptBuildPhase;
			buildActionMask = 2147483647;
			files = (
			);
			inputFileListPaths = (
			);
			inputPaths = (
				"${PODS_PODFILE_DIR_PATH}/Podfile.lock",
				"${PODS_ROOT}/Manifest.lock",
			);
			name = "[CP] Check Pods Manifest.lock";
			outputFileListPaths = (
			);
			outputPaths = (
				"$(DERIVED_FILE_DIR)/Pods-WICO3-checkManifestLockResult.txt",
			);
			runOnlyForDeploymentPostprocessing = 0;
			shellPath = /bin/sh;
			shellScript = "diff \"${PODS_PODFILE_DIR_PATH}/Podfile.lock\" \"${PODS_ROOT}/Manifest.lock\" > /dev/null\nif [ $? != 0 ] ; then\n    # print error to STDERR\n    echo \"error: The sandbox is not in sync with the Podfile.lock. Run 'pod install' or update your CocoaPods installation.\" >&2\n    exit 1\nfi\n# This output is used by Xcode 'outputs' to avoid re-running this script phase.\necho \"SUCCESS\" > \"${SCRIPT_OUTPUT_FILE_0}\"\n";
			showEnvVarsInLog = 0;
		};
		C59DA0FBD6956966B86A3779 /* [CP] Embed Pods Frameworks */ = {
			isa = PBXShellScriptBuildPhase;
			buildActionMask = 2147483647;
			files = (
			);
			inputFileListPaths = (
				"${PODS_ROOT}/Target Support Files/Pods-WICO3-WICO3Tests/Pods-WICO3-WICO3Tests-frameworks-${CONFIGURATION}-input-files.xcfilelist",
			);
			name = "[CP] Embed Pods Frameworks";
			outputFileListPaths = (
				"${PODS_ROOT}/Target Support Files/Pods-WICO3-WICO3Tests/Pods-WICO3-WICO3Tests-frameworks-${CONFIGURATION}-output-files.xcfilelist",
			);
			runOnlyForDeploymentPostprocessing = 0;
			shellPath = /bin/sh;
			shellScript = "\"${PODS_ROOT}/Target Support Files/Pods-WICO3-WICO3Tests/Pods-WICO3-WICO3Tests-frameworks.sh\"\n";
			showEnvVarsInLog = 0;
		};
		E235C05ADACE081382539298 /* [CP] Copy Pods Resources */ = {
			isa = PBXShellScriptBuildPhase;
			buildActionMask = 2147483647;
			files = (
			);
			inputFileListPaths = (
				"${PODS_ROOT}/Target Support Files/Pods-WICO3/Pods-WICO3-resources-${CONFIGURATION}-input-files.xcfilelist",
			);
			name = "[CP] Copy Pods Resources";
			outputFileListPaths = (
				"${PODS_ROOT}/Target Support Files/Pods-WICO3/Pods-WICO3-resources-${CONFIGURATION}-output-files.xcfilelist",
			);
			runOnlyForDeploymentPostprocessing = 0;
			shellPath = /bin/sh;
			shellScript = "\"${PODS_ROOT}/Target Support Files/Pods-WICO3/Pods-WICO3-resources.sh\"\n";
			showEnvVarsInLog = 0;
		};
		F6A41C54EA430FDDC6A6ED99 /* [CP] Copy Pods Resources */ = {
			isa = PBXShellScriptBuildPhase;
			buildActionMask = 2147483647;
			files = (
			);
			inputFileListPaths = (
				"${PODS_ROOT}/Target Support Files/Pods-WICO3-WICO3Tests/Pods-WICO3-WICO3Tests-resources-${CONFIGURATION}-input-files.xcfilelist",
			);
			name = "[CP] Copy Pods Resources";
			outputFileListPaths = (
				"${PODS_ROOT}/Target Support Files/Pods-WICO3-WICO3Tests/Pods-WICO3-WICO3Tests-resources-${CONFIGURATION}-output-files.xcfilelist",
			);
			runOnlyForDeploymentPostprocessing = 0;
			shellPath = /bin/sh;
			shellScript = "\"${PODS_ROOT}/Target Support Files/Pods-WICO3-WICO3Tests/Pods-WICO3-WICO3Tests-resources.sh\"\n";
			showEnvVarsInLog = 0;
		};
/* End PBXShellScriptBuildPhase section */

/* Begin PBXSourcesBuildPhase section */
		00E356EA1AD99517003FC87E /* Sources */ = {
			isa = PBXSourcesBuildPhase;
			buildActionMask = 2147483647;
			files = (
				00E356F31AD99517003FC87E /* WICO3Tests.m in Sources */,
			);
			runOnlyForDeploymentPostprocessing = 0;
		};
		13B07F871A680F5B00A75B9A /* Sources */ = {
			isa = PBXSourcesBuildPhase;
			buildActionMask = 2147483647;
			files = (
				13B07FBC1A68108700A75B9A /* AppDelegate.mm in Sources */,
				13B07FC11A68108700A75B9A /* main.m in Sources */,
			);
			runOnlyForDeploymentPostprocessing = 0;
		};
/* End PBXSourcesBuildPhase section */

/* Begin PBXTargetDependency section */
		00E356F51AD99517003FC87E /* PBXTargetDependency */ = {
			isa = PBXTargetDependency;
			target = 13B07F861A680F5B00A75B9A /* WICO3 */;
			targetProxy = 00E356F41AD99517003FC87E /* PBXContainerItemProxy */;
		};
/* End PBXTargetDependency section */

/* Begin XCBuildConfiguration section */
		00E356F61AD99517003FC87E /* Debug */ = {
			isa = XCBuildConfiguration;
			baseConfigurationReference = 5B7EB9410499542E8C5724F5 /* Pods-WICO3-WICO3Tests.debug.xcconfig */;
			buildSettings = {
				BUNDLE_LOADER = "$(TEST_HOST)";
				GCC_PREPROCESSOR_DEFINITIONS = (
					"DEBUG=1",
					"$(inherited)",
				);
				INFOPLIST_FILE = WICO3Tests/Info.plist;
				IPHONEOS_DEPLOYMENT_TARGET = 13.4;
				LD_RUNPATH_SEARCH_PATHS = (
					"$(inherited)",
					"@executable_path/Frameworks",
					"@loader_path/Frameworks",
				);
				OTHER_LDFLAGS = (
					"-ObjC",
					"-lc++",
					"$(inherited)",
				);
				PRODUCT_BUNDLE_IDENTIFIER = "org.reactjs.native.example.$(PRODUCT_NAME:rfc1034identifier)";
				PRODUCT_NAME = "$(TARGET_NAME)";
				TEST_HOST = "$(BUILT_PRODUCTS_DIR)/WICO3.app/WICO3";
			};
			name = Debug;
		};
		00E356F71AD99517003FC87E /* Release */ = {
			isa = XCBuildConfiguration;
			baseConfigurationReference = 89C6BE57DB24E9ADA2F236DE /* Pods-WICO3-WICO3Tests.release.xcconfig */;
			buildSettings = {
				BUNDLE_LOADER = "$(TEST_HOST)";
				COPY_PHASE_STRIP = NO;
				INFOPLIST_FILE = WICO3Tests/Info.plist;
				IPHONEOS_DEPLOYMENT_TARGET = 13.4;
				LD_RUNPATH_SEARCH_PATHS = (
					"$(inherited)",
					"@executable_path/Frameworks",
					"@loader_path/Frameworks",
				);
				OTHER_LDFLAGS = (
					"-ObjC",
					"-lc++",
					"$(inherited)",
				);
				PRODUCT_BUNDLE_IDENTIFIER = "org.reactjs.native.example.$(PRODUCT_NAME:rfc1034identifier)";
				PRODUCT_NAME = "$(TARGET_NAME)";
				TEST_HOST = "$(BUILT_PRODUCTS_DIR)/WICO3.app/WICO3";
			};
			name = Release;
		};
		13B07F941A680F5B00A75B9A /* Debug */ = {
			isa = XCBuildConfiguration;
			baseConfigurationReference = 3B4392A12AC88292D35C810B /* Pods-WICO3.debug.xcconfig */;
			buildSettings = {
				ASSETCATALOG_COMPILER_APPICON_NAME = AppIcon;
				CLANG_ENABLE_MODULES = YES;
				CURRENT_PROJECT_VERSION = 1;
				ENABLE_BITCODE = NO;
				INFOPLIST_FILE = WICO3/Info.plist;
				LD_RUNPATH_SEARCH_PATHS = (
					"$(inherited)",
					"@executable_path/Frameworks",
				);
				MARKETING_VERSION = 1.0;
				OTHER_LDFLAGS = (
					"$(inherited)",
					"-ObjC",
					"-lc++",
				);
				PRODUCT_BUNDLE_IDENTIFIER = "org.reactjs.native.example.$(PRODUCT_NAME:rfc1034identifier)";
				PRODUCT_NAME = WICO3;
				SWIFT_OPTIMIZATION_LEVEL = "-Onone";
				SWIFT_VERSION = 5.0;
				VERSIONING_SYSTEM = "apple-generic";
			};
			name = Debug;
		};
		13B07F951A680F5B00A75B9A /* Release */ = {
			isa = XCBuildConfiguration;
			baseConfigurationReference = 5709B34CF0A7D63546082F79 /* Pods-WICO3.release.xcconfig */;
			buildSettings = {
				ASSETCATALOG_COMPILER_APPICON_NAME = AppIcon;
				CLANG_ENABLE_MODULES = YES;
				CURRENT_PROJECT_VERSION = 1;
				INFOPLIST_FILE = WICO3/Info.plist;
				LD_RUNPATH_SEARCH_PATHS = (
					"$(inherited)",
					"@executable_path/Frameworks",
				);
				MARKETING_VERSION = 1.0;
				OTHER_LDFLAGS = (
					"$(inherited)",
					"-ObjC",
					"-lc++",
				);
				PRODUCT_BUNDLE_IDENTIFIER = "org.reactjs.native.example.$(PRODUCT_NAME:rfc1034identifier)";
				PRODUCT_NAME = WICO3;
				SWIFT_VERSION = 5.0;
				VERSIONING_SYSTEM = "apple-generic";
			};
			name = Release;
		};
		83CBBA201A601CBA00E9B192 /* Debug */ = {
			isa = XCBuildConfiguration;
			buildSettings = {
				ALWAYS_SEARCH_USER_PATHS = NO;
				CC = "";
				CLANG_ANALYZER_LOCALIZABILITY_NONLOCALIZED = YES;
				CLANG_CXX_LANGUAGE_STANDARD = "c++20";
				CLANG_CXX_LIBRARY = "libc++";
				CLANG_ENABLE_MODULES = YES;
				CLANG_ENABLE_OBJC_ARC = YES;
				CLANG_WARN_BLOCK_CAPTURE_AUTORELEASING = YES;
				CLANG_WARN_BOOL_CONVERSION = YES;
				CLANG_WARN_COMMA = YES;
				CLANG_WARN_CONSTANT_CONVERSION = YES;
				CLANG_WARN_DEPRECATED_OBJC_IMPLEMENTATIONS = YES;
				CLANG_WARN_DIRECT_OBJC_ISA_USAGE = YES_ERROR;
				CLANG_WARN_EMPTY_BODY = YES;
				CLANG_WARN_ENUM_CONVERSION = YES;
				CLANG_WARN_INFINITE_RECURSION = YES;
				CLANG_WARN_INT_CONVERSION = YES;
				CLANG_WARN_NON_LITERAL_NULL_CONVERSION = YES;
				CLANG_WARN_OBJC_IMPLICIT_RETAIN_SELF = YES;
				CLANG_WARN_OBJC_LITERAL_CONVERSION = YES;
				CLANG_WARN_OBJC_ROOT_CLASS = YES_ERROR;
				CLANG_WARN_QUOTED_INCLUDE_IN_FRAMEWORK_HEADER = YES;
				CLANG_WARN_RANGE_LOOP_ANALYSIS = YES;
				CLANG_WARN_STRICT_PROTOTYPES = YES;
				CLANG_WARN_SUSPICIOUS_MOVE = YES;
				CLANG_WARN_UNREACHABLE_CODE = YES;
				CLANG_WARN__DUPLICATE_METHOD_MATCH = YES;
				"CODE_SIGN_IDENTITY[sdk=iphoneos*]" = "iPhone Developer";
				COPY_PHASE_STRIP = NO;
				CXX = "";
				ENABLE_STRICT_OBJC_MSGSEND = YES;
				ENABLE_TESTABILITY = YES;
				"EXCLUDED_ARCHS[sdk=iphonesimulator*]" = "";
				GCC_C_LANGUAGE_STANDARD = gnu99;
				GCC_DYNAMIC_NO_PIC = NO;
				GCC_NO_COMMON_BLOCKS = YES;
				GCC_OPTIMIZATION_LEVEL = 0;
				GCC_PREPROCESSOR_DEFINITIONS = (
					"DEBUG=1",
					"$(inherited)",
				);
				GCC_SYMBOLS_PRIVATE_EXTERN = NO;
				GCC_WARN_64_TO_32_BIT_CONVERSION = YES;
				GCC_WARN_ABOUT_RETURN_TYPE = YES_ERROR;
				GCC_WARN_UNDECLARED_SELECTOR = YES;
				GCC_WARN_UNINITIALIZED_AUTOS = YES_AGGRESSIVE;
				GCC_WARN_UNUSED_FUNCTION = YES;
				GCC_WARN_UNUSED_VARIABLE = YES;
				IPHONEOS_DEPLOYMENT_TARGET = 13.4;
				LD = "";
				LDPLUSPLUS = "";
				LD_RUNPATH_SEARCH_PATHS = (
					/usr/lib/swift,
					"$(inherited)",
				);
				LIBRARY_SEARCH_PATHS = (
					"\"$(SDKROOT)/usr/lib/swift\"",
					"\"$(TOOLCHAIN_DIR)/usr/lib/swift/$(PLATFORM_NAME)\"",
					"\"$(inherited)\"",
				);
				MTL_ENABLE_DEBUG_INFO = YES;
				ONLY_ACTIVE_ARCH = YES;
				OTHER_CPLUSPLUSFLAGS = (
					"$(OTHER_CFLAGS)",
					"-DFOLLY_NO_CONFIG",
					"-DFOLLY_MOBILE=1",
					"-DFOLLY_USE_LIBCPP=1",
					"-DFOLLY_CFG_NO_COROUTINES=1",
					"-DFOLLY_HAVE_CLOCK_GETTIME=1",
				);
				OTHER_LDFLAGS = (
					"$(inherited)",
					" ",
				);
				REACT_NATIVE_PATH = "${PODS_ROOT}/../../node_modules/react-native";
				SDKROOT = iphoneos;
				USE_HERMES = true;
			};
			name = Debug;
		};
		83CBBA211A601CBA00E9B192 /* Release */ = {
			isa = XCBuildConfiguration;
			buildSettings = {
				ALWAYS_SEARCH_USER_PATHS = NO;
				CC = "";
				CLANG_ANALYZER_LOCALIZABILITY_NONLOCALIZED = YES;
				CLANG_CXX_LANGUAGE_STANDARD = "c++20";
				CLANG_CXX_LIBRARY = "libc++";
				CLANG_ENABLE_MODULES = YES;
				CLANG_ENABLE_OBJC_ARC = YES;
				CLANG_WARN_BLOCK_CAPTURE_AUTORELEASING = YES;
				CLANG_WARN_BOOL_CONVERSION = YES;
				CLANG_WARN_COMMA = YES;
				CLANG_WARN_CONSTANT_CONVERSION = YES;
				CLANG_WARN_DEPRECATED_OBJC_IMPLEMENTATIONS = YES;
				CLANG_WARN_DIRECT_OBJC_ISA_USAGE = YES_ERROR;
				CLANG_WARN_EMPTY_BODY = YES;
				CLANG_WARN_ENUM_CONVERSION = YES;
				CLANG_WARN_INFINITE_RECURSION = YES;
				CLANG_WARN_INT_CONVERSION = YES;
				CLANG_WARN_NON_LITERAL_NULL_CONVERSION = YES;
				CLANG_WARN_OBJC_IMPLICIT_RETAIN_SELF = YES;
				CLANG_WARN_OBJC_LITERAL_CONVERSION = YES;
				CLANG_WARN_OBJC_ROOT_CLASS = YES_ERROR;
				CLANG_WARN_QUOTED_INCLUDE_IN_FRAMEWORK_HEADER = YES;
				CLANG_WARN_RANGE_LOOP_ANALYSIS = YES;
				CLANG_WARN_STRICT_PROTOTYPES = YES;
				CLANG_WARN_SUSPICIOUS_MOVE = YES;
				CLANG_WARN_UNREACHABLE_CODE = YES;
				CLANG_WARN__DUPLICATE_METHOD_MATCH = YES;
				"CODE_SIGN_IDENTITY[sdk=iphoneos*]" = "iPhone Developer";
				COPY_PHASE_STRIP = YES;
				CXX = "";
				ENABLE_NS_ASSERTIONS = NO;
				ENABLE_STRICT_OBJC_MSGSEND = YES;
				"EXCLUDED_ARCHS[sdk=iphonesimulator*]" = "";
				GCC_C_LANGUAGE_STANDARD = gnu99;
				GCC_NO_COMMON_BLOCKS = YES;
				GCC_WARN_64_TO_32_BIT_CONVERSION = YES;
				GCC_WARN_ABOUT_RETURN_TYPE = YES_ERROR;
				GCC_WARN_UNDECLARED_SELECTOR = YES;
				GCC_WARN_UNINITIALIZED_AUTOS = YES_AGGRESSIVE;
				GCC_WARN_UNUSED_FUNCTION = YES;
				GCC_WARN_UNUSED_VARIABLE = YES;
				IPHONEOS_DEPLOYMENT_TARGET = 13.4;
				LD = "";
				LDPLUSPLUS = "";
				LD_RUNPATH_SEARCH_PATHS = (
					/usr/lib/swift,
					"$(inherited)",
				);
				LIBRARY_SEARCH_PATHS = (
					"\"$(SDKROOT)/usr/lib/swift\"",
					"\"$(TOOLCHAIN_DIR)/usr/lib/swift/$(PLATFORM_NAME)\"",
					"\"$(inherited)\"",
				);
				MTL_ENABLE_DEBUG_INFO = NO;
				OTHER_CPLUSPLUSFLAGS = (
					"$(OTHER_CFLAGS)",
					"-DFOLLY_NO_CONFIG",
					"-DFOLLY_MOBILE=1",
					"-DFOLLY_USE_LIBCPP=1",
					"-DFOLLY_CFG_NO_COROUTINES=1",
					"-DFOLLY_HAVE_CLOCK_GETTIME=1",
				);
				OTHER_LDFLAGS = (
					"$(inherited)",
					" ",
				);
				REACT_NATIVE_PATH = "${PODS_ROOT}/../../node_modules/react-native";
				SDKROOT = iphoneos;
				USE_HERMES = true;
				VALIDATE_PRODUCT = YES;
			};
			name = Release;
		};
/* End XCBuildConfiguration section */

/* Begin XCConfigurationList section */
		00E357021AD99517003FC87E /* Build configuration list for PBXNativeTarget "WICO3Tests" */ = {
			isa = XCConfigurationList;
			buildConfigurations = (
				00E356F61AD99517003FC87E /* Debug */,
				00E356F71AD99517003FC87E /* Release */,
			);
			defaultConfigurationIsVisible = 0;
			defaultConfigurationName = Release;
		};
		13B07F931A680F5B00A75B9A /* Build configuration list for PBXNativeTarget "WICO3" */ = {
			isa = XCConfigurationList;
			buildConfigurations = (
				13B07F941A680F5B00A75B9A /* Debug */,
				13B07F951A680F5B00A75B9A /* Release */,
			);
			defaultConfigurationIsVisible = 0;
			defaultConfigurationName = Release;
		};
		83CBB9FA1A601CBA00E9B192 /* Build configuration list for PBXProject "WICO3" */ = {
			isa = XCConfigurationList;
			buildConfigurations = (
				83CBBA201A601CBA00E9B192 /* Debug */,
				83CBBA211A601CBA00E9B192 /* Release */,
			);
			defaultConfigurationIsVisible = 0;
			defaultConfigurationName = Release;
		};
/* End XCConfigurationList section */
	};
	rootObject = 83CBB9F71A601CBA00E9B192 /* Project object */;
}
